
Microsoft Visual Studio Solution File, Format Version 12.00
Project("{FAE04EC0-301F-11D3-BF4B-00C04F79EFBC}") = "AddDataToBD2", "AddDataToBD2\AddDataToBD2.csproj", "{70FCCE77-1599-44C1-8B0B-FD3C78957E1A}"
EndProject
Global
	GlobalSection(SolutionConfigurationPlatforms) = preSolution
		Debug|Any CPU = Debug|Any CPU
		Release|Any CPU = Release|Any CPU
	EndGlobalSection
	GlobalSection(ProjectConfigurationPlatforms) = postSolution
		{70FCCE77-1599-44C1-8B0B-FD3C78957E1A}.Debug|Any CPU.ActiveCfg = Debug|Any CPU
		{70FCCE77-1599-44C1-8B0B-FD3C78957E1A}.Debug|Any CPU.Build.0 = Debug|Any CPU
		{70FCCE77-1599-44C1-8B0B-FD3C78957E1A}.Release|Any CPU.ActiveCfg = Release|Any CPU
		{70FCCE77-1599-44C1-8B0B-FD3C78957E1A}.Release|Any CPU.Build.0 = Release|Any CPU
	EndGlobalSection
EndGlobal
